
Microsoft Visual Studio Solution File, Format Version 12.00
# Visual Studio Version 16
VisualStudioVersion = 16.0.30104.148
MinimumVisualStudioVersion = 10.0.40219.1
Project("{F184B08F-C81C-45F6-A57F-5ABD9991F28F}") = "MNT_LIB_COMMON", "MNT_LIB_COMMON\MNT_LIB_COMMON.vbproj", "{77DAD1BF-3D4D-42BD-818F-4AF48495895B}"
EndProject
Project("{F184B08F-C81C-45F6-A57F-5ABD9991F28F}") = "MNT_M_USER", "MNT_M_USER\MNT_M_USER.vbproj", "{516BDC4E-97A5-4F75-A57E-AEBD3A22FEDC}"
EndProject
Project("{F184B08F-C81C-45F6-A57F-5ABD9991F28F}") = "MNT_M_OWNER", "MNT_M_OWNER\MNT_M_OWNER.vbproj", "{6252DDFE-6D89-423D-9EEE-D987D3073A3E}"
EndProject
Project("{F184B08F-C81C-45F6-A57F-5ABD9991F28F}") = "MNT_E_CONTRACT_SPOT", "MNT_E_CONTRACT_SPOT\MNT_E_CONTRACT_SPOT.vbproj", "{81B12684-8DDA-4348-8DDE-E0C20EC78676}"
EndProject
Project("{F184B08F-C81C-45F6-A57F-5ABD9991F28F}") = "MNT_E_CONTRACT_REGULAR", "MNT_E_CONTRACT_REGULAR\MNT_E_CONTRACT_REGULAR.vbproj", "{DCA33025-B7D3-4588-B32C-38E4ADD484D1}"
EndProject
Project("{F184B08F-C81C-45F6-A57F-5ABD9991F28F}") = "MNT_B_INVOICE", "MNT_B_INVOICE\MNT_B_INVOICE.vbproj", "{96A6C9B0-2221-4ECB-8958-1BEF32936B7D}"
EndProject
Project("{F184B08F-C81C-45F6-A57F-5ABD9991F28F}") = "MNT_P_LIST_INVOICE", "MNT_P_LIST_INVOICE\MNT_P_LIST_INVOICE.vbproj", "{BDBDC993-A8F9-4DD9-859C-D596E13AE954}"
EndProject
Project("{F184B08F-C81C-45F6-A57F-5ABD9991F28F}") = "MNT_B_INVOICE_CANCEL", "MNT_B_INVOICE_CANCEL\MNT_B_INVOICE_CANCEL.vbproj", "{A0F1AABD-8CB2-4A2E-B2C1-6FF4099EB099}"
EndProject
Project("{F184B08F-C81C-45F6-A57F-5ABD9991F28F}") = "MNT_E_DEPOSIT", "MNT_E_DEPOSIT\MNT_E_DEPOSIT.vbproj", "{7F7F4BA3-E3D9-4F05-9BF2-083D933E8C0B}"
EndProject
Project("{F184B08F-C81C-45F6-A57F-5ABD9991F28F}") = "MNT_P_CHECK_DEPOSIT", "MNT_P_CHECK_DEPOSIT\MNT_P_CHECK_DEPOSIT.vbproj", "{26E2BD72-C1C3-452D-96D4-D507C660457D}"
EndProject
Project("{F184B08F-C81C-45F6-A57F-5ABD9991F28F}") = "MNT_M_HANDLE_WORK", "MNT_M_HANDLE_WORK\MNT_M_HANDLE_WORK.vbproj", "{D229FFB9-3A47-4373-AC2F-8345B24225D8}"
EndProject
Project("{F184B08F-C81C-45F6-A57F-5ABD9991F28F}") = "MNT_P_LEDGER_RECEIVABLE", "MNT_P_LEDGER_RECEIVABLE\MNT_P_LEDGER_RECEIVABLE.vbproj", "{BBD1E350-6695-40CF-9563-D9CC6CE3BF97}"
EndProject
Project("{F184B08F-C81C-45F6-A57F-5ABD9991F28F}") = "MNT_M_WORK", "MNT_M_WORK\MNT_M_WORK.vbproj", "{1F3FB3EC-7A4C-4FCA-B1EB-9548BF7D09F2}"
EndProject
Project("{F184B08F-C81C-45F6-A57F-5ABD9991F28F}") = "MNT_M_ACCOUNT", "MNT_M_ACCOUNT\MNT_M_ACCOUNT.vbproj", "{FE3BA627-FD27-40B1-AB25-A687784C0907}"
EndProject
Global
	GlobalSection(SolutionConfigurationPlatforms) = preSolution
		Debug|Any CPU = Debug|Any CPU
		Release|Any CPU = Release|Any CPU
	EndGlobalSection
	GlobalSection(ProjectConfigurationPlatforms) = postSolution
		{77DAD1BF-3D4D-42BD-818F-4AF48495895B}.Debug|Any CPU.ActiveCfg = Debug|Any CPU
		{77DAD1BF-3D4D-42BD-818F-4AF48495895B}.Debug|Any CPU.Build.0 = Debug|Any CPU
		{77DAD1BF-3D4D-42BD-818F-4AF48495895B}.Release|Any CPU.ActiveCfg = Release|Any CPU
		{77DAD1BF-3D4D-42BD-818F-4AF48495895B}.Release|Any CPU.Build.0 = Release|Any CPU
		{516BDC4E-97A5-4F75-A57E-AEBD3A22FEDC}.Debug|Any CPU.ActiveCfg = Debug|Any CPU
		{516BDC4E-97A5-4F75-A57E-AEBD3A22FEDC}.Debug|Any CPU.Build.0 = Debug|Any CPU
		{516BDC4E-97A5-4F75-A57E-AEBD3A22FEDC}.Release|Any CPU.ActiveCfg = Release|Any CPU
		{516BDC4E-97A5-4F75-A57E-AEBD3A22FEDC}.Release|Any CPU.Build.0 = Release|Any CPU
		{6252DDFE-6D89-423D-9EEE-D987D3073A3E}.Debug|Any CPU.ActiveCfg = Debug|Any CPU
		{6252DDFE-6D89-423D-9EEE-D987D3073A3E}.Debug|Any CPU.Build.0 = Debug|Any CPU
		{6252DDFE-6D89-423D-9EEE-D987D3073A3E}.Release|Any CPU.ActiveCfg = Release|Any CPU
		{6252DDFE-6D89-423D-9EEE-D987D3073A3E}.Release|Any CPU.Build.0 = Release|Any CPU
		{81B12684-8DDA-4348-8DDE-E0C20EC78676}.Debug|Any CPU.ActiveCfg = Debug|Any CPU
		{81B12684-8DDA-4348-8DDE-E0C20EC78676}.Debug|Any CPU.Build.0 = Debug|Any CPU
		{81B12684-8DDA-4348-8DDE-E0C20EC78676}.Release|Any CPU.ActiveCfg = Release|Any CPU
		{81B12684-8DDA-4348-8DDE-E0C20EC78676}.Release|Any CPU.Build.0 = Release|Any CPU
		{DCA33025-B7D3-4588-B32C-38E4ADD484D1}.Debug|Any CPU.ActiveCfg = Debug|Any CPU
		{DCA33025-B7D3-4588-B32C-38E4ADD484D1}.Debug|Any CPU.Build.0 = Debug|Any CPU
		{DCA33025-B7D3-4588-B32C-38E4ADD484D1}.Release|Any CPU.ActiveCfg = Release|Any CPU
		{DCA33025-B7D3-4588-B32C-38E4ADD484D1}.Release|Any CPU.Build.0 = Release|Any CPU
		{96A6C9B0-2221-4ECB-8958-1BEF32936B7D}.Debug|Any CPU.ActiveCfg = Debug|Any CPU
		{96A6C9B0-2221-4ECB-8958-1BEF32936B7D}.Debug|Any CPU.Build.0 = Debug|Any CPU
		{96A6C9B0-2221-4ECB-8958-1BEF32936B7D}.Release|Any CPU.ActiveCfg = Release|Any CPU
		{96A6C9B0-2221-4ECB-8958-1BEF32936B7D}.Release|Any CPU.Build.0 = Release|Any CPU
		{BDBDC993-A8F9-4DD9-859C-D596E13AE954}.Debug|Any CPU.ActiveCfg = Debug|Any CPU
		{BDBDC993-A8F9-4DD9-859C-D596E13AE954}.Debug|Any CPU.Build.0 = Debug|Any CPU
		{BDBDC993-A8F9-4DD9-859C-D596E13AE954}.Release|Any CPU.ActiveCfg = Release|Any CPU
		{BDBDC993-A8F9-4DD9-859C-D596E13AE954}.Release|Any CPU.Build.0 = Release|Any CPU
		{A0F1AABD-8CB2-4A2E-B2C1-6FF4099EB099}.Debug|Any CPU.ActiveCfg = Debug|Any CPU
		{A0F1AABD-8CB2-4A2E-B2C1-6FF4099EB099}.Debug|Any CPU.Build.0 = Debug|Any CPU
		{A0F1AABD-8CB2-4A2E-B2C1-6FF4099EB099}.Release|Any CPU.ActiveCfg = Release|Any CPU
		{A0F1AABD-8CB2-4A2E-B2C1-6FF4099EB099}.Release|Any CPU.Build.0 = Release|Any CPU
		{7F7F4BA3-E3D9-4F05-9BF2-083D933E8C0B}.Debug|Any CPU.ActiveCfg = Debug|Any CPU
		{7F7F4BA3-E3D9-4F05-9BF2-083D933E8C0B}.Debug|Any CPU.Build.0 = Debug|Any CPU
		{7F7F4BA3-E3D9-4F05-9BF2-083D933E8C0B}.Release|Any CPU.ActiveCfg = Release|Any CPU
		{7F7F4BA3-E3D9-4F05-9BF2-083D933E8C0B}.Release|Any CPU.Build.0 = Release|Any CPU
		{26E2BD72-C1C3-452D-96D4-D507C660457D}.Debug|Any CPU.ActiveCfg = Debug|Any CPU
		{26E2BD72-C1C3-452D-96D4-D507C660457D}.Debug|Any CPU.Build.0 = Debug|Any CPU
		{26E2BD72-C1C3-452D-96D4-D507C660457D}.Release|Any CPU.ActiveCfg = Release|Any CPU
		{26E2BD72-C1C3-452D-96D4-D507C660457D}.Release|Any CPU.Build.0 = Release|Any CPU
		{D229FFB9-3A47-4373-AC2F-8345B24225D8}.Debug|Any CPU.ActiveCfg = Debug|Any CPU
		{D229FFB9-3A47-4373-AC2F-8345B24225D8}.Debug|Any CPU.Build.0 = Debug|Any CPU
		{D229FFB9-3A47-4373-AC2F-8345B24225D8}.Release|Any CPU.ActiveCfg = Release|Any CPU
		{D229FFB9-3A47-4373-AC2F-8345B24225D8}.Release|Any CPU.Build.0 = Release|Any CPU
		{BBD1E350-6695-40CF-9563-D9CC6CE3BF97}.Debug|Any CPU.ActiveCfg = Debug|Any CPU
		{BBD1E350-6695-40CF-9563-D9CC6CE3BF97}.Debug|Any CPU.Build.0 = Debug|Any CPU
		{BBD1E350-6695-40CF-9563-D9CC6CE3BF97}.Release|Any CPU.ActiveCfg = Release|Any CPU
		{BBD1E350-6695-40CF-9563-D9CC6CE3BF97}.Release|Any CPU.Build.0 = Release|Any CPU
		{1F3FB3EC-7A4C-4FCA-B1EB-9548BF7D09F2}.Debug|Any CPU.ActiveCfg = Debug|Any CPU
		{1F3FB3EC-7A4C-4FCA-B1EB-9548BF7D09F2}.Debug|Any CPU.Build.0 = Debug|Any CPU
		{1F3FB3EC-7A4C-4FCA-B1EB-9548BF7D09F2}.Release|Any CPU.ActiveCfg = Release|Any CPU
		{1F3FB3EC-7A4C-4FCA-B1EB-9548BF7D09F2}.Release|Any CPU.Build.0 = Release|Any CPU
		{FE3BA627-FD27-40B1-AB25-A687784C0907}.Debug|Any CPU.ActiveCfg = Debug|Any CPU
		{FE3BA627-FD27-40B1-AB25-A687784C0907}.Debug|Any CPU.Build.0 = Debug|Any CPU
		{FE3BA627-FD27-40B1-AB25-A687784C0907}.Release|Any CPU.ActiveCfg = Release|Any CPU
		{FE3BA627-FD27-40B1-AB25-A687784C0907}.Release|Any CPU.Build.0 = Release|Any CPU
	EndGlobalSection
	GlobalSection(SolutionProperties) = preSolution
		HideSolutionNode = FALSE
	EndGlobalSection
	GlobalSection(ExtensibilityGlobals) = postSolution
		SolutionGuid = {A776CC2E-68DB-4D73-922F-8C78BE424058}
	EndGlobalSection
EndGlobal
